
Microsoft Visual Studio Solution File, Format Version 12.00
# Visual Studio Version 16
VisualStudioVersion = 16.0.30907.101
MinimumVisualStudioVersion = 10.0.40219.1
Project("{FAE04EC0-301F-11D3-BF4B-00C04F79EFBC}") = "Factory", "Factory\Factory.csproj", "{4E3CD1C6-7E3C-4662-824E-7354E42E28FF}"
EndProject
Project("{FAE04EC0-301F-11D3-BF4B-00C04F79EFBC}") = "Builder", "Builder\Builder.csproj", "{D014BEBA-00E3-4C46-A29B-86E95799EF61}"
EndProject
Global
	GlobalSection(SolutionConfigurationPlatforms) = preSolution
		Debug|Any CPU = Debug|Any CPU
		Release|Any CPU = Release|Any CPU
	EndGlobalSection
	GlobalSection(ProjectConfigurationPlatforms) = postSolution
		{4E3CD1C6-7E3C-4662-824E-7354E42E28FF}.Debug|Any CPU.ActiveCfg = Debug|Any CPU
		{4E3CD1C6-7E3C-4662-824E-7354E42E28FF}.Debug|Any CPU.Build.0 = Debug|Any CPU
		{4E3CD1C6-7E3C-4662-824E-7354E42E28FF}.Release|Any CPU.ActiveCfg = Release|Any CPU
		{4E3CD1C6-7E3C-4662-824E-7354E42E28FF}.Release|Any CPU.Build.0 = Release|Any CPU
		{D014BEBA-00E3-4C46-A29B-86E95799EF61}.Debug|Any CPU.ActiveCfg = Debug|Any CPU
		{D014BEBA-00E3-4C46-A29B-86E95799EF61}.Debug|Any CPU.Build.0 = Debug|Any CPU
		{D014BEBA-00E3-4C46-A29B-86E95799EF61}.Release|Any CPU.ActiveCfg = Release|Any CPU
		{D014BEBA-00E3-4C46-A29B-86E95799EF61}.Release|Any CPU.Build.0 = Release|Any CPU
	EndGlobalSection
	GlobalSection(SolutionProperties) = preSolution
		HideSolutionNode = FALSE
	EndGlobalSection
	GlobalSection(ExtensibilityGlobals) = postSolution
		SolutionGuid = {26FCFDD4-F989-4E86-9347-DB27E35EEF7C}
	EndGlobalSection
EndGlobal
